Microsoft Visual Studio Solution File, Format Version 12.00
# Visual Studio 15
VisualStudioVersion = 15.0.28307.779
MinimumVisualStudioVersion = 10.0.40219.1
Project("{8BC9CEB8-8B4A-11D0-8D11-00A0C91BC942}") = "Cave Story Engine 2", "CSE2.vcxproj", "{6B8CC57F-5656-4C4B-8FCB-B0C326FCB4D4}"
EndProject
Global
	GlobalSection(SolutionConfigurationPlatforms) = preSolution
		Debug (Japanese)|x64 = Debug (Japanese)|x64
		Debug (Japanese)|x86 = Debug (Japanese)|x86
		Debug|x64 = Debug|x64
		Debug|x86 = Debug|x86
		Release (Japanese)|x64 = Release (Japanese)|x64
		Release (Japanese)|x86 = Release (Japanese)|x86
		Release|x64 = Release|x64
		Release|x86 = Release|x86
	EndGlobalSection
	GlobalSection(ProjectConfigurationPlatforms) = postSolution
		{6B8CC57F-5656-4C4B-8FCB-B0C326FCB4D4}.Debug (Japanese)|x64.ActiveCfg = Debug (Japanese)|x64
		{6B8CC57F-5656-4C4B-8FCB-B0C326FCB4D4}.Debug (Japanese)|x64.Build.0 = Debug (Japanese)|x64
		{6B8CC57F-5656-4C4B-8FCB-B0C326FCB4D4}.Debug (Japanese)|x86.ActiveCfg = Debug (Japanese)|Win32
		{6B8CC57F-5656-4C4B-8FCB-B0C326FCB4D4}.Debug (Japanese)|x86.Build.0 = Debug (Japanese)|Win32
		{6B8CC57F-5656-4C4B-8FCB-B0C326FCB4D4}.Debug|x64.ActiveCfg = Debug|x64
		{6B8CC57F-5656-4C4B-8FCB-B0C326FCB4D4}.Debug|x64.Build.0 = Debug|x64
		{6B8CC57F-5656-4C4B-8FCB-B0C326FCB4D4}.Debug|x86.ActiveCfg = Debug|Win32
		{6B8CC57F-5656-4C4B-8FCB-B0C326FCB4D4}.Debug|x86.Build.0 = Debug|Win32
		{6B8CC57F-5656-4C4B-8FCB-B0C326FCB4D4}.Release (Japanese)|x64.ActiveCfg = Release (Japanese)|x64
		{6B8CC57F-5656-4C4B-8FCB-B0C326FCB4D4}.Release (Japanese)|x64.Build.0 = Release (Japanese)|x64
		{6B8CC57F-5656-4C4B-8FCB-B0C326FCB4D4}.Release (Japanese)|x86.ActiveCfg = Release (Japanese)|Win32
		{6B8CC57F-5656-4C4B-8FCB-B0C326FCB4D4}.Release (Japanese)|x86.Build.0 = Release (Japanese)|Win32
		{6B8CC57F-5656-4C4B-8FCB-B0C326FCB4D4}.Release|x64.ActiveCfg = Release|x64
		{6B8CC57F-5656-4C4B-8FCB-B0C326FCB4D4}.Release|x64.Build.0 = Release|x64
		{6B8CC57F-5656-4C4B-8FCB-B0C326FCB4D4}.Release|x86.ActiveCfg = Release|Win32
		{6B8CC57F-5656-4C4B-8FCB-B0C326FCB4D4}.Release|x86.Build.0 = Release|Win32
	EndGlobalSection
	GlobalSection(SolutionProperties) = preSolution
		HideSolutionNode = FALSE
	EndGlobalSection
	GlobalSection(ExtensibilityGlobals) = postSolution
		SolutionGuid = {5B768CDF-DE61-4270-8E55-EE32983245CD}
	EndGlobalSection
EndGlobal
